
Microsoft Visual Studio Solution File, Format Version 12.00
# Visual Studio 15
VisualStudioVersion = 15.0.27004.2008
MinimumVisualStudioVersion = 10.0.40219.1
Project("{FAE04EC0-301F-11D3-BF4B-00C04F79EFBC}") = "MatheQuiz", "MatheQuiz\MatheQuiz.csproj", "{72CA2CAE-AC04-4ADF-9CD4-384308DCFA50}"
EndProject
Global
	GlobalSection(SolutionConfigurationPlatforms) = preSolution
		Debug|Any CPU = Debug|Any CPU
		Release|Any CPU = Release|Any CPU
	EndGlobalSection
	GlobalSection(ProjectConfigurationPlatforms) = postSolution
		{72CA2CAE-AC04-4ADF-9CD4-384308DCFA50}.Debug|Any CPU.ActiveCfg = Debug|Any CPU
		{72CA2CAE-AC04-4ADF-9CD4-384308DCFA50}.Debug|Any CPU.Build.0 = Debug|Any CPU
		{72CA2CAE-AC04-4ADF-9CD4-384308DCFA50}.Debug|Any CPU.Deploy.0 = Debug|Any CPU
		{72CA2CAE-AC04-4ADF-9CD4-384308DCFA50}.Release|Any CPU.ActiveCfg = Release|Any CPU
		{72CA2CAE-AC04-4ADF-9CD4-384308DCFA50}.Release|Any CPU.Build.0 = Release|Any CPU
		{72CA2CAE-AC04-4ADF-9CD4-384308DCFA50}.Release|Any CPU.Deploy.0 = Release|Any CPU
	EndGlobalSection
	GlobalSection(SolutionProperties) = preSolution
		HideSolutionNode = FALSE
	EndGlobalSection
	GlobalSection(ExtensibilityGlobals) = postSolution
		SolutionGuid = {B9F9E390-6074-4506-AE56-5C6E64CB2415}
	EndGlobalSection
EndGlobal
